
Microsoft Visual Studio Solution File, Format Version 12.00
# Visual Studio Version 16
VisualStudioVersion = 16.0.31624.102
MinimumVisualStudioVersion = 10.0.40219.1
Project("{9A19103F-16F7-4668-BE54-9A1E7A4F7556}") = "welaunch-backend", "welaunch-backend.csproj", "{5D38E367-D27E-47A5-9A2F-A9C126CD8663}"
EndProject
Global
	GlobalSection(SolutionConfigurationPlatforms) = preSolution
		Debug|Any CPU = Debug|Any CPU
		Release|Any CPU = Release|Any CPU
	EndGlobalSection
	GlobalSection(ProjectConfigurationPlatforms) = postSolution
		{5D38E367-D27E-47A5-9A2F-A9C126CD8663}.Debug|Any CPU.ActiveCfg = Debug|Any CPU
		{5D38E367-D27E-47A5-9A2F-A9C126CD8663}.Debug|Any CPU.Build.0 = Debug|Any CPU
		{5D38E367-D27E-47A5-9A2F-A9C126CD8663}.Release|Any CPU.ActiveCfg = Release|Any CPU
		{5D38E367-D27E-47A5-9A2F-A9C126CD8663}.Release|Any CPU.Build.0 = Release|Any CPU
	EndGlobalSection
	GlobalSection(SolutionProperties) = preSolution
		HideSolutionNode = FALSE
	EndGlobalSection
	GlobalSection(ExtensibilityGlobals) = postSolution
		SolutionGuid = {733D50BE-5F3F-4121-A9D9-C09A907BE634}
	EndGlobalSection
EndGlobal
